// !$*UTF8*$!
{
	archiveVersion = 1;
	classes = {
	};
	objectVersion = 46;
	objects = {

/* Begin PBXBuildFile section */
		654105951C22339B0020CEB6 /* LaunchScreen.storyboard in Resources */ = {isa = PBXBuildFile; fileRef = 654105941C22339B0020CEB6 /* LaunchScreen.storyboard */; };
		65B6F9F01C210F7F0049F148 /* AppDelegate.swift in Sources */ = {isa = PBXBuildFile; fileRef = 65B6F9EF1C210F7F0049F148 /* AppDelegate.swift */; };
		65B6F9F21C210F7F0049F148 /* ViewController.swift in Sources */ = {isa = PBXBuildFile; fileRef = 65B6F9F11C210F7F0049F148 /* ViewController.swift */; };
		65B6F9F51C210F7F0049F148 /* Main.storyboard in Resources */ = {isa = PBXBuildFile; fileRef = 65B6F9F31C210F7F0049F148 /* Main.storyboard */; };
		65B6F9F71C210F7F0049F148 /* Assets.xcassets in Resources */ = {isa = PBXBuildFile; fileRef = 65B6F9F61C210F7F0049F148 /* Assets.xcassets */; };
		65B6FA051C210F7F0049F148 /* TipsyTests.swift in Sources */ = {isa = PBXBuildFile; fileRef = 65B6FA041C210F7F0049F148 /* TipsyTests.swift */; };
		65B6FA101C210F7F0049F148 /* TipsyUITests.swift in Sources */ = {isa = PBXBuildFile; fileRef = 65B6FA0F1C210F7F0049F148 /* TipsyUITests.swift */; };
		65B6FA231C2136F00049F148 /* CoreLocation.framework in Frameworks */ = {isa = PBXBuildFile; fileRef = 65B6FA1D1C2130270049F148 /* CoreLocation.framework */; };
		65B6FA241C2136FF0049F148 /* CoreLocation.framework in Resources */ = {isa = PBXBuildFile; fileRef = 65B6FA1D1C2130270049F148 /* CoreLocation.framework */; };
/* End PBXBuildFile section */

/* Begin PBXContainerItemProxy section */
		65B6FA011C210F7F0049F148 /* PBXContainerItemProxy */ = {
			isa = PBXContainerItemProxy;
			containerPortal = 65B6F9E41C210F7F0049F148 /* Project object */;
			proxyType = 1;
			remoteGlobalIDString = 65B6F9EB1C210F7F0049F148;
			remoteInfo = Tipsy;
		};
		65B6FA0C1C210F7F0049F148 /* PBXContainerItemProxy */ = {
			isa = PBXContainerItemProxy;
			containerPortal = 65B6F9E41C210F7F0049F148 /* Project object */;
			proxyType = 1;
			remoteGlobalIDString = 65B6F9EB1C210F7F0049F148;
			remoteInfo = Tipsy;
		};
/* End PBXContainerItemProxy section */

/* Begin PBXCopyFilesBuildPhase section */
		65B6FA211C2130700049F148 /* Embed Frameworks */ = {
			isa = PBXCopyFilesBuildPhase;
			buildActionMask = 2147483647;
			dstPath = "";
			dstSubfolderSpec = 10;
			files = (
			);
			name = "Embed Frameworks";
			runOnlyForDeploymentPostprocessing = 0;
		};
/* End PBXCopyFilesBuildPhase section */

/* Begin PBXFileReference section */
		654105941C22339B0020CEB6 /* LaunchScreen.storyboard */ = {isa = PBXFileReference; fileEncoding = 4; lastKnownFileType = file.storyboard; path = LaunchScreen.storyboard; sourceTree = "<group>"; };
		65B6F9EC1C210F7F0049F148 /* Tipsy.app */ = {isa = PBXFileReference; explicitFileType = wrapper.application; includeInIndex = 0; path = Tipsy.app; sourceTree = BUILT_PRODUCTS_DIR; };
		65B6F9EF1C210F7F0049F148 /* AppDelegate.swift */ = {isa = PBXFileReference; lastKnownFileType = sourcecode.swift; path = AppDelegate.swift; sourceTree = "<group>"; };
		65B6F9F11C210F7F0049F148 /* ViewController.swift */ = {isa = PBXFileReference; lastKnownFileType = sourcecode.swift; path = ViewController.swift; sourceTree = "<group>"; };
		65B6F9F41C210F7F0049F148 /* Base */ = {isa = PBXFileReference; lastKnownFileType = file.storyboard; name = Base; path = Base.lproj/Main.storyboard; sourceTree = "<group>"; };
		65B6F9F61C210F7F0049F148 /* Assets.xcassets */ = {isa = PBXFileReference; lastKnownFileType = folder.assetcatalog; path = Assets.xcassets; sourceTree = "<group>"; };
		65B6F9FB1C210F7F0049F148 /* Info.plist */ = {isa = PBXFileReference; lastKnownFileType = text.plist.xml; path = Info.plist; sourceTree = "<group>"; };
		65B6FA001C210F7F0049F148 /* TipsyTests.xctest */ = {isa = PBXFileReference; explicitFileType = wrapper.cfbundle; includeInIndex = 0; path = TipsyTests.xctest; sourceTree = BUILT_PRODUCTS_DIR; };
		65B6FA041C210F7F0049F148 /* TipsyTests.swift */ = {isa = PBXFileReference; lastKnownFileType = sourcecode.swift; path = TipsyTests.swift; sourceTree = "<group>"; };
		65B6FA061C210F7F0049F148 /* Info.plist */ = {isa = PBXFileReference; lastKnownFileType = text.plist.xml; path = Info.plist; sourceTree = "<group>"; };
		65B6FA0B1C210F7F0049F148 /* TipsyUITests.xctest */ = {isa = PBXFileReference; explicitFileType = wrapper.cfbundle; includeInIndex = 0; path = TipsyUITests.xctest; sourceTree = BUILT_PRODUCTS_DIR; };
		65B6FA0F1C210F7F0049F148 /* TipsyUITests.swift */ = {isa = PBXFileReference; lastKnownFileType = sourcecode.swift; path = TipsyUITests.swift; sourceTree = "<group>"; };
		65B6FA111C210F7F0049F148 /* Info.plist */ = {isa = PBXFileReference; lastKnownFileType = text.plist.xml; path = Info.plist; sourceTree = "<group>"; };
		65B6FA1D1C2130270049F148 /* CoreLocation.framework */ = {isa = PBXFileReference; lastKnownFileType = wrapper.framework; name = CoreLocation.framework; path = System/Library/Frameworks/CoreLocation.framework; sourceTree = SDKROOT; };
/* End PBXFileReference section */

/* Begin PBXFrameworksBuildPhase section */
		65B6F9E91C210F7F0049F148 /* Frameworks */ = {
			isa = PBXFrameworksBuildPhase;
			buildActionMask = 2147483647;
			files = (
				65B6FA231C2136F00049F148 /* CoreLocation.framework in Frameworks */,
			);
			runOnlyForDeploymentPostprocessing = 0;
		};
		65B6F9FD1C210F7F0049F148 /* Frameworks */ = {
			isa = PBXFrameworksBuildPhase;
			buildActionMask = 2147483647;
			files = (
			);
			runOnlyForDeploymentPostprocessing = 0;
		};
		65B6FA081C210F7F0049F148 /* Frameworks */ = {
			isa = PBXFrameworksBuildPhase;
			buildActionMask = 2147483647;
			files = (
			);
			runOnlyForDeploymentPostprocessing = 0;
		};
/* End PBXFrameworksBuildPhase section */

/* Begin PBXGroup section */
		65B6F9E31C210F7F0049F148 = {
			isa = PBXGroup;
			children = (
				65B6FA1D1C2130270049F148 /* CoreLocation.framework */,
				65B6F9EE1C210F7F0049F148 /* Tipsy */,
				65B6FA031C210F7F0049F148 /* TipsyTests */,
				65B6FA0E1C210F7F0049F148 /* TipsyUITests */,
				65B6F9ED1C210F7F0049F148 /* Products */,
			);
			sourceTree = "<group>";
		};
		65B6F9ED1C210F7F0049F148 /* Products */ = {
			isa = PBXGroup;
			children = (
				65B6F9EC1C210F7F0049F148 /* Tipsy.app */,
				65B6FA001C210F7F0049F148 /* TipsyTests.xctest */,
				65B6FA0B1C210F7F0049F148 /* TipsyUITests.xctest */,
			);
			name = Products;
			sourceTree = "<group>";
		};
		65B6F9EE1C210F7F0049F148 /* Tipsy */ = {
			isa = PBXGroup;
			children = (
				65B6F9EF1C210F7F0049F148 /* AppDelegate.swift */,
				65B6F9F11C210F7F0049F148 /* ViewController.swift */,
				65B6F9F31C210F7F0049F148 /* Main.storyboard */,
				65B6F9F61C210F7F0049F148 /* Assets.xcassets */,
				65B6F9FB1C210F7F0049F148 /* Info.plist */,
				654105941C22339B0020CEB6 /* LaunchScreen.storyboard */,
			);
			path = Tipsy;
			sourceTree = "<group>";
		};
		65B6FA031C210F7F0049F148 /* TipsyTests */ = {
			isa = PBXGroup;
			children = (
				65B6FA041C210F7F0049F148 /* TipsyTests.swift */,
				65B6FA061C210F7F0049F148 /* Info.plist */,
			);
			path = TipsyTests;
			sourceTree = "<group>";
		};
		65B6FA0E1C210F7F0049F148 /* TipsyUITests */ = {
			isa = PBXGroup;
			children = (
				65B6FA0F1C210F7F0049F148 /* TipsyUITests.swift */,
				65B6FA111C210F7F0049F148 /* Info.plist */,
			);
			path = TipsyUITests;
			sourceTree = "<group>";
		};
/* End PBXGroup section */

/* Begin PBXNativeTarget section */
		65B6F9EB1C210F7F0049F148 /* Tipsy */ = {
			isa = PBXNativeTarget;
			buildConfigurationList = 65B6FA141C210F7F0049F148 /* Build configuration list for PBXNativeTarget "Tipsy" */;
			buildPhases = (
				65B6F9E81C210F7F0049F148 /* Sources */,
				65B6F9E91C210F7F0049F148 /* Frameworks */,
				65B6F9EA1C210F7F0049F148 /* Resources */,
				65B6FA211C2130700049F148 /* Embed Frameworks */,
			);
			buildRules = (
			);
			dependencies = (
			);
			name = Tipsy;
			productName = Tipsy;
			productReference = 65B6F9EC1C210F7F0049F148 /* Tipsy.app */;
			productType = "com.apple.product-type.application";
		};
		65B6F9FF1C210F7F0049F148 /* TipsyTests */ = {
			isa = PBXNativeTarget;
			buildConfigurationList = 65B6FA171C210F7F0049F148 /* Build configuration list for PBXNativeTarget "TipsyTests" */;
			buildPhases = (
				65B6F9FC1C210F7F0049F148 /* Sources */,
				65B6F9FD1C210F7F0049F148 /* Frameworks */,
				65B6F9FE1C210F7F0049F148 /* Resources */,
			);
			buildRules = (
			);
			dependencies = (
				65B6FA021C210F7F0049F148 /* PBXTargetDependency */,
			);
			name = TipsyTests;
			productName = TipsyTests;
			productReference = 65B6FA001C210F7F0049F148 /* TipsyTests.xctest */;
			productType = "com.apple.product-type.bundle.unit-test";
		};
		65B6FA0A1C210F7F0049F148 /* TipsyUITests */ = {
			isa = PBXNativeTarget;
			buildConfigurationList = 65B6FA1A1C210F7F0049F148 /* Build configuration list for PBXNativeTarget "TipsyUITests" */;
			buildPhases = (
				65B6FA071C210F7F0049F148 /* Sources */,
				65B6FA081C210F7F0049F148 /* Frameworks */,
				65B6FA091C210F7F0049F148 /* Resources */,
			);
			buildRules = (
			);
			dependencies = (
				65B6FA0D1C210F7F0049F148 /* PBXTargetDependency */,
			);
			name = TipsyUITests;
			productName = TipsyUITests;
			productReference = 65B6FA0B1C210F7F0049F148 /* TipsyUITests.xctest */;
			productType = "com.apple.product-type.bundle.ui-testing";
		};
/* End PBXNativeTarget section */

/* Begin PBXProject section */
		65B6F9E41C210F7F0049F148 /* Project object */ = {
			isa = PBXProject;
			attributes = {
				LastSwiftUpdateCheck = 0720;
				LastUpgradeCheck = 0720;
				ORGANIZATIONNAME = tejen;
				TargetAttributes = {
					65B6F9EB1C210F7F0049F148 = {
						CreatedOnToolsVersion = 7.2;
						DevelopmentTeam = UBH739J24U;
					};
					65B6F9FF1C210F7F0049F148 = {
						CreatedOnToolsVersion = 7.2;
						TestTargetID = 65B6F9EB1C210F7F0049F148;
					};
					65B6FA0A1C210F7F0049F148 = {
						CreatedOnToolsVersion = 7.2;
						TestTargetID = 65B6F9EB1C210F7F0049F148;
					};
				};
			};
			buildConfigurationList = 65B6F9E71C210F7F0049F148 /* Build configuration list for PBXProject "Tipsy" */;
			compatibilityVersion = "Xcode 3.2";
			developmentRegion = English;
			hasScannedForEncodings = 0;
			knownRegions = (
				en,
				Base,
			);
			mainGroup = 65B6F9E31C210F7F0049F148;
			productRefGroup = 65B6F9ED1C210F7F0049F148 /* Products */;
			projectDirPath = "";
			projectRoot = "";
			targets = (
				65B6F9EB1C210F7F0049F148 /* Tipsy */,
				65B6F9FF1C210F7F0049F148 /* TipsyTests */,
				65B6FA0A1C210F7F0049F148 /* TipsyUITests */,
			);
		};
/* End PBXProject section */

/* Begin PBXResourcesBuildPhase section */
		65B6F9EA1C210F7F0049F148 /* Resources */ = {
			isa = PBXResourcesBuildPhase;
			buildActionMask = 2147483647;
			files = (
				65B6FA241C2136FF0049F148 /* CoreLocation.framework in Resources */,
				654105951C22339B0020CEB6 /* LaunchScreen.storyboard in Resources */,
				65B6F9F71C210F7F0049F148 /* Assets.xcassets in Resources */,
				65B6F9F51C210F7F0049F148 /* Main.storyboard in Resources */,
			);
			runOnlyForDeploymentPostprocessing = 0;
		};
		65B6F9FE1C210F7F0049F148 /* Resources */ = {
			isa = PBXResourcesBuildPhase;
			buildActionMask = 2147483647;
			files = (
			);
			runOnlyForDeploymentPostprocessing = 0;
		};
		65B6FA091C210F7F0049F148 /* Resources */ = {
			isa = PBXResourcesBuildPhase;
			buildActionMask = 2147483647;
			files = (
			);
			runOnlyForDeploymentPostprocessing = 0;
		};
/* End PBXResourcesBuildPhase section */

/* Begin PBXSourcesBuildPhase section */
		65B6F9E81C210F7F0049F148 /* Sources */ = {
			isa = PBXSourcesBuildPhase;
			buildActionMask = 2147483647;
			files = (
				65B6F9F21C210F7F0049F148 /* ViewController.swift in Sources */,
				65B6F9F01C210F7F0049F148 /* AppDelegate.swift in Sources */,
			);
			runOnlyForDeploymentPostprocessing = 0;
		};
		65B6F9FC1C210F7F0049F148 /* Sources */ = {
			isa = PBXSourcesBuildPhase;
			buildActionMask = 2147483647;
			files = (
				65B6FA051C210F7F0049F148 /* TipsyTests.swift in Sources */,
			);
			runOnlyForDeploymentPostprocessing = 0;
		};
		65B6FA071C210F7F0049F148 /* Sources */ = {
			isa = PBXSourcesBuildPhase;
			buildActionMask = 2147483647;
			files = (
				65B6FA101C210F7F0049F148 /* TipsyUITests.swift in Sources */,
			);
			runOnlyForDeploymentPostprocessing = 0;
		};
/* End PBXSourcesBuildPhase section */

/* Begin PBXTargetDependency section */
		65B6FA021C210F7F0049F148 /* PBXTargetDependency */ = {
			isa = PBXTargetDependency;
			target = 65B6F9EB1C210F7F0049F148 /* Tipsy */;
			targetProxy = 65B6FA011C210F7F0049F148 /* PBXContainerItemProxy */;
		};
		65B6FA0D1C210F7F0049F148 /* PBXTargetDependency */ = {
			isa = PBXTargetDependency;
			target = 65B6F9EB1C210F7F0049F148 /* Tipsy */;
			targetProxy = 65B6FA0C1C210F7F0049F148 /* PBXContainerItemProxy */;
		};
/* End PBXTargetDependency section */

/* Begin PBXVariantGroup section */
		65B6F9F31C210F7F0049F148 /* Main.storyboard */ = {
			isa = PBXVariantGroup;
			children = (
				65B6F9F41C210F7F0049F148 /* Base */,
			);
			name = Main.storyboard;
			sourceTree = "<group>";
		};
/* End PBXVariantGroup section */

/* Begin XCBuildConfiguration section */
		65B6FA121C210F7F0049F148 /* Debug */ = {
			isa = XCBuildConfiguration;
			buildSettings = {
				ALWAYS_SEARCH_USER_PATHS = NO;
				CLANG_CXX_LANGUAGE_STANDARD = "gnu++0x";
				CLANG_CXX_LIBRARY = "libc++";
				CLANG_ENABLE_MODULES = YES;
				CLANG_ENABLE_OBJC_ARC = YES;
				CLANG_WARN_BOOL_CONVERSION = YES;
				CLANG_WARN_CONSTANT_CONVERSION = YES;
				CLANG_WARN_DIRECT_OBJC_ISA_USAGE = YES_ERROR;
				CLANG_WARN_EMPTY_BODY = YES;
				CLANG_WARN_ENUM_CONVERSION = YES;
				CLANG_WARN_INT_CONVERSION = YES;
				CLANG_WARN_OBJC_ROOT_CLASS = YES_ERROR;
				CLANG_WARN_UNREACHABLE_CODE = YES;
				CLANG_WARN__DUPLICATE_METHOD_MATCH = YES;
				"CODE_SIGN_IDENTITY[sdk=iphoneos*]" = "iPhone Developer";
				COPY_PHASE_STRIP = NO;
				DEBUG_INFORMATION_FORMAT = dwarf;
				ENABLE_STRICT_OBJC_MSGSEND = YES;
				ENABLE_TESTABILITY = YES;
				GCC_C_LANGUAGE_STANDARD = gnu99;
				GCC_DYNAMIC_NO_PIC = NO;
				GCC_NO_COMMON_BLOCKS = YES;
				GCC_OPTIMIZATION_LEVEL = 0;
				GCC_PREPROCESSOR_DEFINITIONS = (
					"DEBUG=1",
					"$(inherited)",
				);
				GCC_WARN_64_TO_32_BIT_CONVERSION = YES;
				GCC_WARN_ABOUT_RETURN_TYPE = YES_ERROR;
				GCC_WARN_UNDECLARED_SELECTOR = YES;
				GCC_WARN_UNINITIALIZED_AUTOS = YES_AGGRESSIVE;
				GCC_WARN_UNUSED_FUNCTION = YES;
				GCC_WARN_UNUSED_VARIABLE = YES;
				IPHONEOS_DEPLOYMENT_TARGET = 9.2;
				MTL_ENABLE_DEBUG_INFO = YES;
				ONLY_ACTIVE_ARCH = YES;
				SDKROOT = iphoneos;
				SWIFT_OPTIMIZATION_LEVEL = "-Onone";
				TARGETED_DEVICE_FAMILY = "1,2";
			};
			name = Debug;
		};
		65B6FA131C210F7F0049F148 /* Release */ = {
			isa = XCBuildConfiguration;
			buildSettings = {
				ALWAYS_SEARCH_USER_PATHS = NO;
				CLANG_CXX_LANGUAGE_STANDARD = "gnu++0x";
				CLANG_CXX_LIBRARY = "libc++";
				CLANG_ENABLE_MODULES = YES;
				CLANG_ENABLE_OBJC_ARC = YES;
				CLANG_WARN_BOOL_CONVERSION = YES;
				CLANG_WARN_CONSTANT_CONVERSION = YES;
				CLANG_WARN_DIRECT_OBJC_ISA_USAGE = YES_ERROR;
				CLANG_WARN_EMPTY_BODY = YES;
				CLANG_WARN_ENUM_CONVERSION = YES;
				CLANG_WARN_INT_CONVERSION = YES;
				CLANG_WARN_OBJC_ROOT_CLASS = YES_ERROR;
				CLANG_WARN_UNREACHABLE_CODE = YES;
				CLANG_WARN__DUPLICATE_METHOD_MATCH = YES;
				"CODE_SIGN_IDENTITY[sdk=iphoneos*]" = "iPhone Developer";
				COPY_PHASE_STRIP = NO;
				DEBUG_INFORMATION_FORMAT = "dwarf-with-dsym";
				ENABLE_NS_ASSERTIONS = NO;
				ENABLE_STRICT_OBJC_MSGSEND = YES;
				GCC_C_LANGUAGE_STANDARD = gnu99;
				GCC_NO_COMMON_BLOCKS = YES;
				GCC_WARN_64_TO_32_BIT_CONVERSION = YES;
				GCC_WARN_ABOUT_RETURN_TYPE = YES_ERROR;
				GCC_WARN_UNDECLARED_SELECTOR = YES;
				GCC_WARN_UNINITIALIZED_AUTOS = YES_AGGRESSIVE;
				GCC_WARN_UNUSED_FUNCTION = YES;
				GCC_WARN_UNUSED_VARIABLE = YES;
				IPHONEOS_DEPLOYMENT_TARGET = 9.2;
				MTL_ENABLE_DEBUG_INFO = NO;
				SDKROOT = iphoneos;
				TARGETED_DEVICE_FAMILY = "1,2";
				VALIDATE_PRODUCT = YES;
			};
			name = Release;
		};
		65B6FA151C210F7F0049F148 /* Debug */ = {
			isa = XCBuildConfiguration;
			buildSettings = {
				ASSETCATALOG_COMPILER_APPICON_NAME = AppIcon;
				CODE_SIGN_IDENTITY = "iPhone Developer";
				"CODE_SIGN_IDENTITY[sdk=iphoneos*]" = "iPhone Developer";
				INFOPLIST_FILE = Tipsy/Info.plist;
				IPHONEOS_DEPLOYMENT_TARGET = 8.1;
				LD_RUNPATH_SEARCH_PATHS = "$(inherited) @executable_path/Frameworks";
				PRODUCT_BUNDLE_IDENTIFIER = com.tejen.codepath.Tipsy;
				PRODUCT_NAME = "$(TARGET_NAME)";
				PROVISIONING_PROFILE = "";
			};
			name = Debug;
		};
		65B6FA161C210F7F0049F148 /* Release */ = {
			isa = XCBuildConfiguration;
			buildSettings = {
				ASSETCATALOG_COMPILER_APPICON_NAME = AppIcon;
				CODE_SIGN_IDENTITY = "iPhone Developer";
				"CODE_SIGN_IDENTITY[sdk=iphoneos*]" = "iPhone Developer";
				INFOPLIST_FILE = Tipsy/Info.plist;
				IPHONEOS_DEPLOYMENT_TARGET = 8.1;
				LD_RUNPATH_SEARCH_PATHS = "$(inherited) @executable_path/Frameworks";
				PRODUCT_BUNDLE_IDENTIFIER = com.tejen.codepath.Tipsy;
				PRODUCT_NAME = "$(TARGET_NAME)";
				PROVISIONING_PROFILE = "";
			};
			name = Release;
		};
		65B6FA181C210F7F0049F148 /* Debug */ = {
			isa = XCBuildConfiguration;
			buildSettings = {
				BUNDLE_LOADER = "$(TEST_HOST)";
				INFOPLIST_FILE = TipsyTests/Info.plist;
				LD_RUNPATH_SEARCH_PATHS = "$(inherited) @executable_path/Frameworks @loader_path/Frameworks";
				PRODUCT_BUNDLE_IDENTIFIER = com.tejen.codepath.TipsyTests;
				PRODUCT_NAME = "$(TARGET_NAME)";
				TEST_HOST = "$(BUILT_PRODUCTS_DIR)/Tipsy.app/Tipsy";
			};
			name = Debug;
		};
		65B6FA191C210F7F0049F148 /* Release */ = {
			isa = XCBuildConfiguration;
			buildSettings = {
				BUNDLE_LOADER = "$(TEST_HOST)";
				INFOPLIST_FILE = TipsyTests/Info.plist;
				LD_RUNPATH_SEARCH_PATHS = "$(inherited) @executable_path/Frameworks @loader_path/Frameworks";
				PRODUCT_BUNDLE_IDENTIFIER = com.tejen.codepath.TipsyTests;
				PRODUCT_NAME = "$(TARGET_NAME)";
				TEST_HOST = "$(BUILT_PRODUCTS_DIR)/Tipsy.app/Tipsy";
			};
			name = Release;
		};
		65B6FA1B1C210F7F0049F148 /* Debug */ = {
			isa = XCBuildConfiguration;
			buildSettings = {
				INFOPLIST_FILE = TipsyUITests/Info.plist;
				LD_RUNPATH_SEARCH_PATHS = "$(inherited) @executable_path/Frameworks @loader_path/Frameworks";
				PRODUCT_BUNDLE_IDENTIFIER = com.tejen.codepath.TipsyUITests;
				PRODUCT_NAME = "$(TARGET_NAME)";
				TEST_TARGET_NAME = Tipsy;
				USES_XCTRUNNER = YES;
			};
			name = Debug;
		};
		65B6FA1C1C210F7F0049F148 /* Release */ = {
			isa = XCBuildConfiguration;
			buildSettings = {
				INFOPLIST_FILE = TipsyUITests/Info.plist;
				LD_RUNPATH_SEARCH_PATHS = "$(inherited) @executable_path/Frameworks @loader_path/Frameworks";
				PRODUCT_BUNDLE_IDENTIFIER = com.tejen.codepath.TipsyUITests;
				PRODUCT_NAME = "$(TARGET_NAME)";
				TEST_TARGET_NAME = Tipsy;
				USES_XCTRUNNER = YES;
			};
			name = Release;
		};
/* End XCBuildConfiguration section */

/* Begin XCConfigurationList section */
		65B6F9E71C210F7F0049F148 /* Build configuration list for PBXProject "Tipsy" */ = {
			isa = XCConfigurationList;
			buildConfigurations = (
				65B6FA121C210F7F0049F148 /* Debug */,
				65B6FA131C210F7F0049F148 /* Release */,
			);
			defaultConfigurationIsVisible = 0;
			defaultConfigurationName = Release;
		};
		65B6FA141C210F7F0049F148 /* Build configuration list for PBXNativeTarget "Tipsy" */ = {
			isa = XCConfigurationList;
			buildConfigurations = (
				65B6FA151C210F7F0049F148 /* Debug */,
				65B6FA161C210F7F0049F148 /* Release */,
			);
			defaultConfigurationIsVisible = 0;
			defaultConfigurationName = Release;
		};
		65B6FA171C210F7F0049F148 /* Build configuration list for PBXNativeTarget "TipsyTests" */ = {
			isa = XCConfigurationList;
			buildConfigurations = (
				65B6FA181C210F7F0049F148 /* Debug */,
				65B6FA191C210F7F0049F148 /* Release */,
			);
			defaultConfigurationIsVisible = 0;
			defaultConfigurationName = Release;
		};
		65B6FA1A1C210F7F0049F148 /* Build configuration list for PBXNativeTarget "TipsyUITests" */ = {
			isa = XCConfigurationList;
			buildConfigurations = (
				65B6FA1B1C210F7F0049F148 /* Debug */,
				65B6FA1C1C210F7F0049F148 /* Release */,
			);
			defaultConfigurationIsVisible = 0;
			defaultConfigurationName = Release;
		};
/* End XCConfigurationList section */
	};
	rootObject = 65B6F9E41C210F7F0049F148 /* Project object */;
}
